
Microsoft Visual Studio Solution File, Format Version 12.00
# Visual Studio Version 17
VisualStudioVersion = 17.5.002.0
MinimumVisualStudioVersion = 10.0.40219.1
Project("{9A19103F-16F7-4668-BE54-9A1E7A4F7556}") = "UmbracoDemo", "UmbracoDemo\UmbracoDemo.csproj", "{D7B2305E-DE17-4401-8F2A-56B524371B5D}"
EndProject
Global
	GlobalSection(SolutionConfigurationPlatforms) = preSolution
		Debug|Any CPU = Debug|Any CPU
		Release|Any CPU = Release|Any CPU
	EndGlobalSection
	GlobalSection(ProjectConfigurationPlatforms) = postSolution
		{D7B2305E-DE17-4401-8F2A-56B524371B5D}.Debug|Any CPU.ActiveCfg = Debug|Any CPU
		{D7B2305E-DE17-4401-8F2A-56B524371B5D}.Debug|Any CPU.Build.0 = Debug|Any CPU
		{D7B2305E-DE17-4401-8F2A-56B524371B5D}.Release|Any CPU.ActiveCfg = Release|Any CPU
		{D7B2305E-DE17-4401-8F2A-56B524371B5D}.Release|Any CPU.Build.0 = Release|Any CPU
	EndGlobalSection
	GlobalSection(SolutionProperties) = preSolution
		HideSolutionNode = FALSE
	EndGlobalSection
	GlobalSection(NestedProjects) = preSolution
		{D00564C9-4624-40DC-8373-04D932EBD4C0} = {700D208E-42E5-43F7-8DC8-D95EB9A2D733}
		{D7B2305E-DE17-4401-8F2A-56B524371B5D} = {D00564C9-4624-40DC-8373-04D932EBD4C0}
	EndGlobalSection
	GlobalSection(ExtensibilityGlobals) = postSolution
		SolutionGuid = {9BAAA2C6-0BDB-40A1-A237-210206122EF6}
	EndGlobalSection
EndGlobal
